
Microsoft Visual Studio Solution File, Format Version 12.00
# Visual Studio Version 17
VisualStudioVersion = 17.14.36301.6 d17.14
MinimumVisualStudioVersion = 10.0.40219.1
Project("{FAE04EC0-301F-11D3-BF4B-00C04F79EFBC}") = "InventoryManagement", "InventoryManagement.csproj", "{956436CB-6E48-4D3C-320C-583D6FA1CEA4}"
EndProject
Project("{FAE04EC0-301F-11D3-BF4B-00C04F79EFBC}") = "Contract", "C:\Users\purli\source\repos\Contract\Contract.csproj", "{A8246E29-2A1A-4B53-9034-BD4C58A2A082}"
EndProject
Project("{FAE04EC0-301F-11D3-BF4B-00C04F79EFBC}") = "Infrastructure", "C:\Users\purli\source\repos\Infrastructure\Infrastructure.csproj", "{DD239BB3-82EC-4FAA-BF30-4CB477679454}"
EndProject
Project("{FAE04EC0-301F-11D3-BF4B-00C04F79EFBC}") = "Domain", "C:\Users\purli\source\repos\Domain\Domain.csproj", "{89F4DEF1-9157-42C1-BF40-F399F0025D24}"
EndProject
Project("{FAE04EC0-301F-11D3-BF4B-00C04F79EFBC}") = "Api", "C:\Users\purli\source\repos\Api\Api.csproj", "{954F8A9F-4694-404A-8B46-1B4BC00D527F}"
EndProject
Project("{FAE04EC0-301F-11D3-BF4B-00C04F79EFBC}") = "Application", "C:\Users\purli\source\repos\Application\Application.csproj", "{E7259DE5-31E8-4324-B965-4BE6DE802192}"
EndProject
Global
	GlobalSection(SolutionConfigurationPlatforms) = preSolution
		Debug|Any CPU = Debug|Any CPU
		Release|Any CPU = Release|Any CPU
	EndGlobalSection
	GlobalSection(ProjectConfigurationPlatforms) = postSolution
		{956436CB-6E48-4D3C-320C-583D6FA1CEA4}.Debug|Any CPU.ActiveCfg = Debug|Any CPU
		{956436CB-6E48-4D3C-320C-583D6FA1CEA4}.Debug|Any CPU.Build.0 = Debug|Any CPU
		{956436CB-6E48-4D3C-320C-583D6FA1CEA4}.Release|Any CPU.ActiveCfg = Release|Any CPU
		{956436CB-6E48-4D3C-320C-583D6FA1CEA4}.Release|Any CPU.Build.0 = Release|Any CPU
		{A8246E29-2A1A-4B53-9034-BD4C58A2A082}.Debug|Any CPU.ActiveCfg = Debug|Any CPU
		{A8246E29-2A1A-4B53-9034-BD4C58A2A082}.Debug|Any CPU.Build.0 = Debug|Any CPU
		{A8246E29-2A1A-4B53-9034-BD4C58A2A082}.Release|Any CPU.ActiveCfg = Release|Any CPU
		{A8246E29-2A1A-4B53-9034-BD4C58A2A082}.Release|Any CPU.Build.0 = Release|Any CPU
		{DD239BB3-82EC-4FAA-BF30-4CB477679454}.Debug|Any CPU.ActiveCfg = Debug|Any CPU
		{DD239BB3-82EC-4FAA-BF30-4CB477679454}.Debug|Any CPU.Build.0 = Debug|Any CPU
		{DD239BB3-82EC-4FAA-BF30-4CB477679454}.Release|Any CPU.ActiveCfg = Release|Any CPU
		{DD239BB3-82EC-4FAA-BF30-4CB477679454}.Release|Any CPU.Build.0 = Release|Any CPU
		{89F4DEF1-9157-42C1-BF40-F399F0025D24}.Debug|Any CPU.ActiveCfg = Debug|Any CPU
		{89F4DEF1-9157-42C1-BF40-F399F0025D24}.Debug|Any CPU.Build.0 = Debug|Any CPU
		{89F4DEF1-9157-42C1-BF40-F399F0025D24}.Release|Any CPU.ActiveCfg = Release|Any CPU
		{89F4DEF1-9157-42C1-BF40-F399F0025D24}.Release|Any CPU.Build.0 = Release|Any CPU
		{954F8A9F-4694-404A-8B46-1B4BC00D527F}.Debug|Any CPU.ActiveCfg = Debug|Any CPU
		{954F8A9F-4694-404A-8B46-1B4BC00D527F}.Debug|Any CPU.Build.0 = Debug|Any CPU
		{954F8A9F-4694-404A-8B46-1B4BC00D527F}.Release|Any CPU.ActiveCfg = Release|Any CPU
		{954F8A9F-4694-404A-8B46-1B4BC00D527F}.Release|Any CPU.Build.0 = Release|Any CPU
		{E7259DE5-31E8-4324-B965-4BE6DE802192}.Debug|Any CPU.ActiveCfg = Debug|Any CPU
		{E7259DE5-31E8-4324-B965-4BE6DE802192}.Debug|Any CPU.Build.0 = Debug|Any CPU
		{E7259DE5-31E8-4324-B965-4BE6DE802192}.Release|Any CPU.ActiveCfg = Release|Any CPU
		{E7259DE5-31E8-4324-B965-4BE6DE802192}.Release|Any CPU.Build.0 = Release|Any CPU
	EndGlobalSection
	GlobalSection(SolutionProperties) = preSolution
		HideSolutionNode = FALSE
	EndGlobalSection
	GlobalSection(ExtensibilityGlobals) = postSolution
		SolutionGuid = {5056D371-7AE8-44C1-AC81-BBAAC0DDE180}
	EndGlobalSection
EndGlobal
